
Microsoft Visual Studio Solution File, Format Version 12.00
# Visual Studio Version 16
VisualStudioVersion = 16.0.31911.196
MinimumVisualStudioVersion = 10.0.40219.1
Project("{9A19103F-16F7-4668-BE54-9A1E7A4F7556}") = "LogElasticsearchKibanaAPI", "LogElasticsearchKibanaAPI\LogElasticsearchKibanaAPI.csproj", "{20732067-492C-4FDB-A3FF-1B3213C0554C}"
EndProject
Project("{E53339B2-1760-4266-BCC7-CA923CBCF16C}") = "docker-compose", "docker-compose.dcproj", "{C6F17933-0BAD-4C22-95B9-9326CD7307BB}"
EndProject
Global
	GlobalSection(SolutionConfigurationPlatforms) = preSolution
		Debug|Any CPU = Debug|Any CPU
		Release|Any CPU = Release|Any CPU
	EndGlobalSection
	GlobalSection(ProjectConfigurationPlatforms) = postSolution
		{20732067-492C-4FDB-A3FF-1B3213C0554C}.Debug|Any CPU.ActiveCfg = Debug|Any CPU
		{20732067-492C-4FDB-A3FF-1B3213C0554C}.Debug|Any CPU.Build.0 = Debug|Any CPU
		{20732067-492C-4FDB-A3FF-1B3213C0554C}.Release|Any CPU.ActiveCfg = Release|Any CPU
		{20732067-492C-4FDB-A3FF-1B3213C0554C}.Release|Any CPU.Build.0 = Release|Any CPU
		{C6F17933-0BAD-4C22-95B9-9326CD7307BB}.Debug|Any CPU.ActiveCfg = Debug|Any CPU
		{C6F17933-0BAD-4C22-95B9-9326CD7307BB}.Debug|Any CPU.Build.0 = Debug|Any CPU
		{C6F17933-0BAD-4C22-95B9-9326CD7307BB}.Release|Any CPU.ActiveCfg = Release|Any CPU
		{C6F17933-0BAD-4C22-95B9-9326CD7307BB}.Release|Any CPU.Build.0 = Release|Any CPU
	EndGlobalSection
	GlobalSection(SolutionProperties) = preSolution
		HideSolutionNode = FALSE
	EndGlobalSection
	GlobalSection(ExtensibilityGlobals) = postSolution
		SolutionGuid = {3A863D0D-6F4F-4CF4-B4F4-8A2DEC53595D}
	EndGlobalSection
EndGlobal
